
Microsoft Visual Studio Solution File, Format Version 12.00
# Visual Studio Version 17
VisualStudioVersion = 17.8.34408.163
MinimumVisualStudioVersion = 10.0.40219.1
Project("{FAE04EC0-301F-11D3-BF4B-00C04F79EFBC}") = "TraversalCoreProject", "TraversalCoreProject\TraversalCoreProject.csproj", "{545B8BBF-4AC6-4DF5-9A72-2C372EB8837A}"
EndProject
Project("{FAE04EC0-301F-11D3-BF4B-00C04F79EFBC}") = "EntityLayer", "EntityLayer\EntityLayer.csproj", "{45793D41-4CDB-4B64-9F0B-4071E89E3095}"
EndProject
Project("{FAE04EC0-301F-11D3-BF4B-00C04F79EFBC}") = "DataAccessLayer", "DataAccessLayer\DataAccessLayer.csproj", "{7053543A-1DF2-4BFD-BFE0-6A93CA9D9711}"
EndProject
Project("{FAE04EC0-301F-11D3-BF4B-00C04F79EFBC}") = "BusinessLayer", "BusinessLayer\BusinessLayer.csproj", "{5ED788C6-9800-4A68-8758-349322573C8F}"
EndProject
Global
	GlobalSection(SolutionConfigurationPlatforms) = preSolution
		Debug|Any CPU = Debug|Any CPU
		Release|Any CPU = Release|Any CPU
	EndGlobalSection
	GlobalSection(ProjectConfigurationPlatforms) = postSolution
		{545B8BBF-4AC6-4DF5-9A72-2C372EB8837A}.Debug|Any CPU.ActiveCfg = Debug|Any CPU
		{545B8BBF-4AC6-4DF5-9A72-2C372EB8837A}.Debug|Any CPU.Build.0 = Debug|Any CPU
		{545B8BBF-4AC6-4DF5-9A72-2C372EB8837A}.Release|Any CPU.ActiveCfg = Release|Any CPU
		{545B8BBF-4AC6-4DF5-9A72-2C372EB8837A}.Release|Any CPU.Build.0 = Release|Any CPU
		{45793D41-4CDB-4B64-9F0B-4071E89E3095}.Debug|Any CPU.ActiveCfg = Debug|Any CPU
		{45793D41-4CDB-4B64-9F0B-4071E89E3095}.Debug|Any CPU.Build.0 = Debug|Any CPU
		{45793D41-4CDB-4B64-9F0B-4071E89E3095}.Release|Any CPU.ActiveCfg = Release|Any CPU
		{45793D41-4CDB-4B64-9F0B-4071E89E3095}.Release|Any CPU.Build.0 = Release|Any CPU
		{7053543A-1DF2-4BFD-BFE0-6A93CA9D9711}.Debug|Any CPU.ActiveCfg = Debug|Any CPU
		{7053543A-1DF2-4BFD-BFE0-6A93CA9D9711}.Debug|Any CPU.Build.0 = Debug|Any CPU
		{7053543A-1DF2-4BFD-BFE0-6A93CA9D9711}.Release|Any CPU.ActiveCfg = Release|Any CPU
		{7053543A-1DF2-4BFD-BFE0-6A93CA9D9711}.Release|Any CPU.Build.0 = Release|Any CPU
		{5ED788C6-9800-4A68-8758-349322573C8F}.Debug|Any CPU.ActiveCfg = Debug|Any CPU
		{5ED788C6-9800-4A68-8758-349322573C8F}.Debug|Any CPU.Build.0 = Debug|Any CPU
		{5ED788C6-9800-4A68-8758-349322573C8F}.Release|Any CPU.ActiveCfg = Release|Any CPU
		{5ED788C6-9800-4A68-8758-349322573C8F}.Release|Any CPU.Build.0 = Release|Any CPU
	EndGlobalSection
	GlobalSection(SolutionProperties) = preSolution
		HideSolutionNode = FALSE
	EndGlobalSection
	GlobalSection(ExtensibilityGlobals) = postSolution
		SolutionGuid = {BA36E64B-030A-48FE-AC96-FC1798678937}
	EndGlobalSection
EndGlobal
